// !$*UTF8*$!
{
	archiveVersion = 1;
	classes = {
	};
	objectVersion = 50;
	objects = {

/* Begin PBXBuildFile section */
		AA2E545922681F3400FEC8B7 /* point.cpp in Sources */ = {isa = PBXBuildFile; fileRef = AA2E545822681F3400FEC8B7 /* point.cpp */; };
		AA2E545B2268203F00FEC8B7 /* closeto.hpp in Headers */ = {isa = PBXBuildFile; fileRef = AA2E545A2268203F00FEC8B7 /* closeto.hpp */; };
		AA2E545D2268238C00FEC8B7 /* closeto.cpp in Sources */ = {isa = PBXBuildFile; fileRef = AA2E545C2268238C00FEC8B7 /* closeto.cpp */; };
		AA2E545F2268279E00FEC8B7 /* radians.hpp in Headers */ = {isa = PBXBuildFile; fileRef = AA2E545E2268279E00FEC8B7 /* radians.hpp */; };
		AA2E5461226827F900FEC8B7 /* constants.hpp in Headers */ = {isa = PBXBuildFile; fileRef = AA2E5460226827F900FEC8B7 /* constants.hpp */; };
		AA2E5463226828FF00FEC8B7 /* radians.cpp in Sources */ = {isa = PBXBuildFile; fileRef = AA2E5462226828FF00FEC8B7 /* radians.cpp */; };
		AA78529C22A0040E00E76073 /* geospatial.cpp in Sources */ = {isa = PBXBuildFile; fileRef = AA78529A22A0040E00E76073 /* geospatial.cpp */; };
		AA78529D22A0040E00E76073 /* geospatial.hpp in Headers */ = {isa = PBXBuildFile; fileRef = AA78529B22A0040E00E76073 /* geospatial.hpp */; };
		AA78529F22A03BB400E76073 /* geospatial.cpp in Sources */ = {isa = PBXBuildFile; fileRef = AA78529E22A03BB300E76073 /* geospatial.cpp */; };
		AA7852A222A0855B00E76073 /* minimum.hpp in Headers */ = {isa = PBXBuildFile; fileRef = AA7852A022A0855B00E76073 /* minimum.hpp */; };
		AA7852A322A0855B00E76073 /* minimum.cpp in Sources */ = {isa = PBXBuildFile; fileRef = AA7852A122A0855B00E76073 /* minimum.cpp */; };
		AAA4B43D227008E800143964 /* ksstest.cpp in Sources */ = {isa = PBXBuildFile; fileRef = AAA4B43B227008E800143964 /* ksstest.cpp */; };
		AAA4B43F227118A400143964 /* vautil.cpp in Sources */ = {isa = PBXBuildFile; fileRef = AAA4B43E227118A400143964 /* vautil.cpp */; };
		AAA4B44122715CFE00143964 /* line.cpp in Sources */ = {isa = PBXBuildFile; fileRef = AAA4B44022715CFE00143964 /* line.cpp */; };
		AABC1C342256FE30004C26BD /* vector.hpp in Headers */ = {isa = PBXBuildFile; fileRef = AABC1C322256FE30004C26BD /* vector.hpp */; };
		AABC1C36225709A3004C26BD /* vector.cpp in Sources */ = {isa = PBXBuildFile; fileRef = AABC1C35225709A3004C26BD /* vector.cpp */; };
		AACAA74A22542B050005F45E /* version.cpp in Sources */ = {isa = PBXBuildFile; fileRef = AACAA74522542B050005F45E /* version.cpp */; };
		AACAA74B22542B050005F45E /* version.hpp in Headers */ = {isa = PBXBuildFile; fileRef = AACAA74622542B050005F45E /* version.hpp */; };
		AACAA75B22542BCB0005F45E /* libkssmath.dylib in Frameworks */ = {isa = PBXBuildFile; fileRef = AACAA72E2254260B0005F45E /* libkssmath.dylib */; };
		AACAA75E22542BFF0005F45E /* version.cpp in Sources */ = {isa = PBXBuildFile; fileRef = AACAA75D22542BFF0005F45E /* version.cpp */; };
		AACAA76322542C5D0005F45E /* main.cpp in Sources */ = {isa = PBXBuildFile; fileRef = AACAA76222542C5D0005F45E /* main.cpp */; };
		AACAA76622542D3E0005F45E /* gcd.hpp in Headers */ = {isa = PBXBuildFile; fileRef = AACAA76422542D3E0005F45E /* gcd.hpp */; };
		AACAA76722542D3E0005F45E /* gcd.cpp in Sources */ = {isa = PBXBuildFile; fileRef = AACAA76522542D3E0005F45E /* gcd.cpp */; };
		AACAA76A22542D560005F45E /* _contract.hpp in Headers */ = {isa = PBXBuildFile; fileRef = AACAA76822542D560005F45E /* _contract.hpp */; };
		AACAA76B22542D560005F45E /* _contract.cpp in Sources */ = {isa = PBXBuildFile; fileRef = AACAA76922542D560005F45E /* _contract.cpp */; };
		AACAA76D22542EA40005F45E /* gcd.cpp in Sources */ = {isa = PBXBuildFile; fileRef = AACAA76C22542EA40005F45E /* gcd.cpp */; };
		AACAA7702254473E0005F45E /* point.hpp in Headers */ = {isa = PBXBuildFile; fileRef = AACAA76E2254473E0005F45E /* point.hpp */; };
		AAEDED4F2269805F00383C7F /* line.hpp in Headers */ = {isa = PBXBuildFile; fileRef = AAEDED4E2269805E00383C7F /* line.hpp */; };
		AAEDED51226BA3A100383C7F /* vautil.hpp in Headers */ = {isa = PBXBuildFile; fileRef = AAEDED50226BA3A100383C7F /* vautil.hpp */; };
/* End PBXBuildFile section */

/* Begin PBXContainerItemProxy section */
		AACAA75822542BB50005F45E /* PBXContainerItemProxy */ = {
			isa = PBXContainerItemProxy;
			containerPortal = AACAA7262254260B0005F45E /* Project object */;
			proxyType = 1;
			remoteGlobalIDString = AACAA72D2254260B0005F45E;
			remoteInfo = kssmath;
		};
/* End PBXContainerItemProxy section */

/* Begin PBXCopyFilesBuildPhase section */
		AACAA74F22542BAC0005F45E /* CopyFiles */ = {
			isa = PBXCopyFilesBuildPhase;
			buildActionMask = 2147483647;
			dstPath = /usr/share/man/man1/;
			dstSubfolderSpec = 0;
			files = (
			);
			runOnlyForDeploymentPostprocessing = 1;
		};
/* End PBXCopyFilesBuildPhase section */

/* Begin PBXFileReference section */
		AA2E545822681F3400FEC8B7 /* point.cpp */ = {isa = PBXFileReference; fileEncoding = 4; lastKnownFileType = sourcecode.cpp.cpp; path = point.cpp; sourceTree = "<group>"; };
		AA2E545A2268203F00FEC8B7 /* closeto.hpp */ = {isa = PBXFileReference; fileEncoding = 4; lastKnownFileType = sourcecode.cpp.h; path = closeto.hpp; sourceTree = "<group>"; };
		AA2E545C2268238C00FEC8B7 /* closeto.cpp */ = {isa = PBXFileReference; fileEncoding = 4; lastKnownFileType = sourcecode.cpp.cpp; path = closeto.cpp; sourceTree = "<group>"; };
		AA2E545E2268279E00FEC8B7 /* radians.hpp */ = {isa = PBXFileReference; fileEncoding = 4; lastKnownFileType = sourcecode.cpp.h; path = radians.hpp; sourceTree = "<group>"; };
		AA2E5460226827F900FEC8B7 /* constants.hpp */ = {isa = PBXFileReference; fileEncoding = 4; lastKnownFileType = sourcecode.cpp.h; path = constants.hpp; sourceTree = "<group>"; };
		AA2E5462226828FF00FEC8B7 /* radians.cpp */ = {isa = PBXFileReference; fileEncoding = 4; lastKnownFileType = sourcecode.cpp.cpp; path = radians.cpp; sourceTree = "<group>"; };
		AA78529A22A0040E00E76073 /* geospatial.cpp */ = {isa = PBXFileReference; fileEncoding = 4; lastKnownFileType = sourcecode.cpp.cpp; path = geospatial.cpp; sourceTree = "<group>"; };
		AA78529B22A0040E00E76073 /* geospatial.hpp */ = {isa = PBXFileReference; fileEncoding = 4; lastKnownFileType = sourcecode.cpp.h; path = geospatial.hpp; sourceTree = "<group>"; };
		AA78529E22A03BB300E76073 /* geospatial.cpp */ = {isa = PBXFileReference; fileEncoding = 4; lastKnownFileType = sourcecode.cpp.cpp; path = geospatial.cpp; sourceTree = "<group>"; };
		AA7852A022A0855B00E76073 /* minimum.hpp */ = {isa = PBXFileReference; fileEncoding = 4; lastKnownFileType = sourcecode.cpp.h; path = minimum.hpp; sourceTree = "<group>"; };
		AA7852A122A0855B00E76073 /* minimum.cpp */ = {isa = PBXFileReference; fileEncoding = 4; lastKnownFileType = sourcecode.cpp.cpp; path = minimum.cpp; sourceTree = "<group>"; };
		AAA4B43B227008E800143964 /* ksstest.cpp */ = {isa = PBXFileReference; fileEncoding = 4; lastKnownFileType = sourcecode.cpp.cpp; path = ksstest.cpp; sourceTree = "<group>"; };
		AAA4B43C227008E800143964 /* ksstest.hpp */ = {isa = PBXFileReference; fileEncoding = 4; lastKnownFileType = sourcecode.cpp.h; path = ksstest.hpp; sourceTree = "<group>"; };
		AAA4B43E227118A400143964 /* vautil.cpp */ = {isa = PBXFileReference; lastKnownFileType = sourcecode.cpp.cpp; path = vautil.cpp; sourceTree = "<group>"; };
		AAA4B44022715CFE00143964 /* line.cpp */ = {isa = PBXFileReference; fileEncoding = 4; lastKnownFileType = sourcecode.cpp.cpp; path = line.cpp; sourceTree = "<group>"; };
		AABC1C322256FE30004C26BD /* vector.hpp */ = {isa = PBXFileReference; lastKnownFileType = sourcecode.cpp.h; path = vector.hpp; sourceTree = "<group>"; };
		AABC1C35225709A3004C26BD /* vector.cpp */ = {isa = PBXFileReference; lastKnownFileType = sourcecode.cpp.cpp; path = vector.cpp; sourceTree = "<group>"; };
		AACAA72E2254260B0005F45E /* libkssmath.dylib */ = {isa = PBXFileReference; explicitFileType = "compiled.mach-o.dylib"; includeInIndex = 0; path = libkssmath.dylib; sourceTree = BUILT_PRODUCTS_DIR; };
		AACAA736225429930005F45E /* BuildSystem */ = {isa = PBXFileReference; lastKnownFileType = folder; path = BuildSystem; sourceTree = "<group>"; };
		AACAA737225429DF0005F45E /* logo.png */ = {isa = PBXFileReference; lastKnownFileType = image.png; path = logo.png; sourceTree = "<group>"; };
		AACAA738225429DF0005F45E /* LICENSE */ = {isa = PBXFileReference; lastKnownFileType = text; path = LICENSE; sourceTree = "<group>"; };
		AACAA739225429DF0005F45E /* Doxyfile */ = {isa = PBXFileReference; lastKnownFileType = text; path = Doxyfile; sourceTree = "<group>"; };
		AACAA73A225429DF0005F45E /* configure */ = {isa = PBXFileReference; lastKnownFileType = text.script.sh; path = configure; sourceTree = "<group>"; };
		AACAA73B225429DF0005F45E /* Makefile */ = {isa = PBXFileReference; lastKnownFileType = sourcecode.make; path = Makefile; sourceTree = "<group>"; };
		AACAA73C225429DF0005F45E /* README.md */ = {isa = PBXFileReference; lastKnownFileType = net.daringfireball.markdown; path = README.md; sourceTree = "<group>"; };
		AACAA74522542B050005F45E /* version.cpp */ = {isa = PBXFileReference; fileEncoding = 4; lastKnownFileType = sourcecode.cpp.cpp; path = version.cpp; sourceTree = "<group>"; };
		AACAA74622542B050005F45E /* version.hpp */ = {isa = PBXFileReference; fileEncoding = 4; lastKnownFileType = sourcecode.cpp.h; path = version.hpp; sourceTree = "<group>"; };
		AACAA75122542BAC0005F45E /* unittest */ = {isa = PBXFileReference; explicitFileType = "compiled.mach-o.executable"; includeInIndex = 0; path = unittest; sourceTree = BUILT_PRODUCTS_DIR; };
		AACAA75D22542BFF0005F45E /* version.cpp */ = {isa = PBXFileReference; fileEncoding = 4; lastKnownFileType = sourcecode.cpp.cpp; path = version.cpp; sourceTree = "<group>"; };
		AACAA76222542C5D0005F45E /* main.cpp */ = {isa = PBXFileReference; fileEncoding = 4; lastKnownFileType = sourcecode.cpp.cpp; path = main.cpp; sourceTree = "<group>"; };
		AACAA76422542D3E0005F45E /* gcd.hpp */ = {isa = PBXFileReference; fileEncoding = 4; lastKnownFileType = sourcecode.cpp.h; path = gcd.hpp; sourceTree = "<group>"; };
		AACAA76522542D3E0005F45E /* gcd.cpp */ = {isa = PBXFileReference; fileEncoding = 4; lastKnownFileType = sourcecode.cpp.cpp; path = gcd.cpp; sourceTree = "<group>"; };
		AACAA76822542D560005F45E /* _contract.hpp */ = {isa = PBXFileReference; fileEncoding = 4; lastKnownFileType = sourcecode.cpp.h; path = _contract.hpp; sourceTree = "<group>"; };
		AACAA76922542D560005F45E /* _contract.cpp */ = {isa = PBXFileReference; fileEncoding = 4; lastKnownFileType = sourcecode.cpp.cpp; path = _contract.cpp; sourceTree = "<group>"; };
		AACAA76C22542EA40005F45E /* gcd.cpp */ = {isa = PBXFileReference; fileEncoding = 4; lastKnownFileType = sourcecode.cpp.cpp; path = gcd.cpp; sourceTree = "<group>"; };
		AACAA76E2254473E0005F45E /* point.hpp */ = {isa = PBXFileReference; fileEncoding = 4; lastKnownFileType = sourcecode.cpp.h; path = point.hpp; sourceTree = "<group>"; };
		AAEDED4E2269805E00383C7F /* line.hpp */ = {isa = PBXFileReference; fileEncoding = 4; lastKnownFileType = sourcecode.cpp.h; path = line.hpp; sourceTree = "<group>"; };
		AAEDED50226BA3A100383C7F /* vautil.hpp */ = {isa = PBXFileReference; lastKnownFileType = sourcecode.cpp.h; path = vautil.hpp; sourceTree = "<group>"; };
/* End PBXFileReference section */

/* Begin PBXFrameworksBuildPhase section */
		AACAA72C2254260B0005F45E /* Frameworks */ = {
			isa = PBXFrameworksBuildPhase;
			buildActionMask = 2147483647;
			files = (
			);
			runOnlyForDeploymentPostprocessing = 0;
		};
		AACAA74E22542BAC0005F45E /* Frameworks */ = {
			isa = PBXFrameworksBuildPhase;
			buildActionMask = 2147483647;
			files = (
				AACAA75B22542BCB0005F45E /* libkssmath.dylib in Frameworks */,
			);
			runOnlyForDeploymentPostprocessing = 0;
		};
/* End PBXFrameworksBuildPhase section */

/* Begin PBXGroup section */
		AACAA7252254260B0005F45E = {
			isa = PBXGroup;
			children = (
				AACAA735225429730005F45E /* Top Level */,
				AACAA736225429930005F45E /* BuildSystem */,
				AACAA74222542B050005F45E /* Sources */,
				AACAA75C22542BFF0005F45E /* Tests */,
				AACAA72F2254260B0005F45E /* Products */,
				AACAA75A22542BCB0005F45E /* Frameworks */,
			);
			sourceTree = "<group>";
		};
		AACAA72F2254260B0005F45E /* Products */ = {
			isa = PBXGroup;
			children = (
				AACAA72E2254260B0005F45E /* libkssmath.dylib */,
				AACAA75122542BAC0005F45E /* unittest */,
			);
			name = Products;
			sourceTree = "<group>";
		};
		AACAA735225429730005F45E /* Top Level */ = {
			isa = PBXGroup;
			children = (
				AACAA73A225429DF0005F45E /* configure */,
				AACAA739225429DF0005F45E /* Doxyfile */,
				AACAA738225429DF0005F45E /* LICENSE */,
				AACAA737225429DF0005F45E /* logo.png */,
				AACAA73B225429DF0005F45E /* Makefile */,
				AACAA73C225429DF0005F45E /* README.md */,
			);
			name = "Top Level";
			sourceTree = "<group>";
		};
		AACAA74222542B050005F45E /* Sources */ = {
			isa = PBXGroup;
			children = (
				AACAA76922542D560005F45E /* _contract.cpp */,
				AACAA76822542D560005F45E /* _contract.hpp */,
				AA2E545A2268203F00FEC8B7 /* closeto.hpp */,
				AA2E5460226827F900FEC8B7 /* constants.hpp */,
				AACAA76522542D3E0005F45E /* gcd.cpp */,
				AACAA76422542D3E0005F45E /* gcd.hpp */,
				AA78529A22A0040E00E76073 /* geospatial.cpp */,
				AA78529B22A0040E00E76073 /* geospatial.hpp */,
				AAEDED4E2269805E00383C7F /* line.hpp */,
				AA7852A122A0855B00E76073 /* minimum.cpp */,
				AA7852A022A0855B00E76073 /* minimum.hpp */,
				AACAA76E2254473E0005F45E /* point.hpp */,
				AA2E545E2268279E00FEC8B7 /* radians.hpp */,
				AAEDED50226BA3A100383C7F /* vautil.hpp */,
				AACAA74522542B050005F45E /* version.cpp */,
				AACAA74622542B050005F45E /* version.hpp */,
				AABC1C322256FE30004C26BD /* vector.hpp */,
			);
			path = Sources;
			sourceTree = "<group>";
		};
		AACAA75A22542BCB0005F45E /* Frameworks */ = {
			isa = PBXGroup;
			children = (
			);
			name = Frameworks;
			sourceTree = "<group>";
		};
		AACAA75C22542BFF0005F45E /* Tests */ = {
			isa = PBXGroup;
			children = (
				AA2E545C2268238C00FEC8B7 /* closeto.cpp */,
				AACAA76C22542EA40005F45E /* gcd.cpp */,
				AA78529E22A03BB300E76073 /* geospatial.cpp */,
				AAA4B43B227008E800143964 /* ksstest.cpp */,
				AAA4B43C227008E800143964 /* ksstest.hpp */,
				AAA4B44022715CFE00143964 /* line.cpp */,
				AACAA76222542C5D0005F45E /* main.cpp */,
				AA2E545822681F3400FEC8B7 /* point.cpp */,
				AA2E5462226828FF00FEC8B7 /* radians.cpp */,
				AAA4B43E227118A400143964 /* vautil.cpp */,
				AABC1C35225709A3004C26BD /* vector.cpp */,
				AACAA75D22542BFF0005F45E /* version.cpp */,
			);
			path = Tests;
			sourceTree = "<group>";
		};
/* End PBXGroup section */

/* Begin PBXHeadersBuildPhase section */
		AACAA72A2254260B0005F45E /* Headers */ = {
			isa = PBXHeadersBuildPhase;
			buildActionMask = 2147483647;
			files = (
				AACAA7702254473E0005F45E /* point.hpp in Headers */,
				AACAA76A22542D560005F45E /* _contract.hpp in Headers */,
				AABC1C342256FE30004C26BD /* vector.hpp in Headers */,
				AA78529D22A0040E00E76073 /* geospatial.hpp in Headers */,
				AAEDED51226BA3A100383C7F /* vautil.hpp in Headers */,
				AA2E5461226827F900FEC8B7 /* constants.hpp in Headers */,
				AA2E545B2268203F00FEC8B7 /* closeto.hpp in Headers */,
				AAEDED4F2269805F00383C7F /* line.hpp in Headers */,
				AACAA74B22542B050005F45E /* version.hpp in Headers */,
				AA2E545F2268279E00FEC8B7 /* radians.hpp in Headers */,
				AACAA76622542D3E0005F45E /* gcd.hpp in Headers */,
				AA7852A222A0855B00E76073 /* minimum.hpp in Headers */,
			);
			runOnlyForDeploymentPostprocessing = 0;
		};
/* End PBXHeadersBuildPhase section */

/* Begin PBXNativeTarget section */
		AACAA72D2254260B0005F45E /* kssmath */ = {
			isa = PBXNativeTarget;
			buildConfigurationList = AACAA7322254260B0005F45E /* Build configuration list for PBXNativeTarget "kssmath" */;
			buildPhases = (
				AACAA73D22542A420005F45E /* Preparation */,
				AACAA72A2254260B0005F45E /* Headers */,
				AACAA72B2254260B0005F45E /* Sources */,
				AACAA72C2254260B0005F45E /* Frameworks */,
			);
			buildRules = (
			);
			dependencies = (
			);
			name = kssmath;
			productName = kssmath;
			productReference = AACAA72E2254260B0005F45E /* libkssmath.dylib */;
			productType = "com.apple.product-type.library.dynamic";
		};
		AACAA75022542BAC0005F45E /* unittest */ = {
			isa = PBXNativeTarget;
			buildConfigurationList = AACAA75522542BAC0005F45E /* Build configuration list for PBXNativeTarget "unittest" */;
			buildPhases = (
				AACAA74D22542BAC0005F45E /* Sources */,
				AACAA74E22542BAC0005F45E /* Frameworks */,
				AACAA74F22542BAC0005F45E /* CopyFiles */,
			);
			buildRules = (
			);
			dependencies = (
				AACAA75922542BB50005F45E /* PBXTargetDependency */,
			);
			name = unittest;
			productName = unittest;
			productReference = AACAA75122542BAC0005F45E /* unittest */;
			productType = "com.apple.product-type.tool";
		};
/* End PBXNativeTarget section */

/* Begin PBXProject section */
		AACAA7262254260B0005F45E /* Project object */ = {
			isa = PBXProject;
			attributes = {
				LastUpgradeCheck = 1020;
				ORGANIZATIONNAME = "Klassen Software Solutions";
				TargetAttributes = {
					AACAA72D2254260B0005F45E = {
						CreatedOnToolsVersion = 10.2;
					};
					AACAA75022542BAC0005F45E = {
						CreatedOnToolsVersion = 10.2;
					};
				};
			};
			buildConfigurationList = AACAA7292254260B0005F45E /* Build configuration list for PBXProject "kssmath" */;
			compatibilityVersion = "Xcode 9.3";
			developmentRegion = en;
			hasScannedForEncodings = 0;
			knownRegions = (
				en,
			);
			mainGroup = AACAA7252254260B0005F45E;
			productRefGroup = AACAA72F2254260B0005F45E /* Products */;
			projectDirPath = "";
			projectRoot = "";
			targets = (
				AACAA72D2254260B0005F45E /* kssmath */,
				AACAA75022542BAC0005F45E /* unittest */,
			);
		};
/* End PBXProject section */

/* Begin PBXShellScriptBuildPhase section */
		AACAA73D22542A420005F45E /* Preparation */ = {
			isa = PBXShellScriptBuildPhase;
			buildActionMask = 2147483647;
			files = (
			);
			inputFileListPaths = (
			);
			inputPaths = (
			);
			name = Preparation;
			outputFileListPaths = (
			);
			outputPaths = (
			);
			runOnlyForDeploymentPostprocessing = 0;
			shellPath = /bin/sh;
			shellScript = "make prep\n\n";
		};
/* End PBXShellScriptBuildPhase section */

/* Begin PBXSourcesBuildPhase section */
		AACAA72B2254260B0005F45E /* Sources */ = {
			isa = PBXSourcesBuildPhase;
			buildActionMask = 2147483647;
			files = (
				AA78529C22A0040E00E76073 /* geospatial.cpp in Sources */,
				AACAA76722542D3E0005F45E /* gcd.cpp in Sources */,
				AACAA74A22542B050005F45E /* version.cpp in Sources */,
				AA7852A322A0855B00E76073 /* minimum.cpp in Sources */,
				AACAA76B22542D560005F45E /* _contract.cpp in Sources */,
			);
			runOnlyForDeploymentPostprocessing = 0;
		};
		AACAA74D22542BAC0005F45E /* Sources */ = {
			isa = PBXSourcesBuildPhase;
			buildActionMask = 2147483647;
			files = (
				AA2E5463226828FF00FEC8B7 /* radians.cpp in Sources */,
				AACAA75E22542BFF0005F45E /* version.cpp in Sources */,
				AABC1C36225709A3004C26BD /* vector.cpp in Sources */,
				AAA4B44122715CFE00143964 /* line.cpp in Sources */,
				AAA4B43F227118A400143964 /* vautil.cpp in Sources */,
				AA2E545D2268238C00FEC8B7 /* closeto.cpp in Sources */,
				AA78529F22A03BB400E76073 /* geospatial.cpp in Sources */,
				AACAA76D22542EA40005F45E /* gcd.cpp in Sources */,
				AAA4B43D227008E800143964 /* ksstest.cpp in Sources */,
				AACAA76322542C5D0005F45E /* main.cpp in Sources */,
				AA2E545922681F3400FEC8B7 /* point.cpp in Sources */,
			);
			runOnlyForDeploymentPostprocessing = 0;
		};
/* End PBXSourcesBuildPhase section */

/* Begin PBXTargetDependency section */
		AACAA75922542BB50005F45E /* PBXTargetDependency */ = {
			isa = PBXTargetDependency;
			target = AACAA72D2254260B0005F45E /* kssmath */;
			targetProxy = AACAA75822542BB50005F45E /* PBXContainerItemProxy */;
		};
/* End PBXTargetDependency section */

/* Begin XCBuildConfiguration section */
		AACAA7302254260B0005F45E /* Debug */ = {
			isa = XCBuildConfiguration;
			buildSettings = {
				ALWAYS_SEARCH_USER_PATHS = NO;
				CLANG_ANALYZER_NONNULL = YES;
				CLANG_ANALYZER_NUMBER_OBJECT_CONVERSION = YES_AGGRESSIVE;
				CLANG_CXX_LANGUAGE_STANDARD = "c++14";
				CLANG_CXX_LIBRARY = "libc++";
				CLANG_ENABLE_MODULES = YES;
				CLANG_ENABLE_OBJC_ARC = YES;
				CLANG_ENABLE_OBJC_WEAK = YES;
				CLANG_WARN_BLOCK_CAPTURE_AUTORELEASING = YES;
				CLANG_WARN_BOOL_CONVERSION = YES;
				CLANG_WARN_COMMA = YES;
				CLANG_WARN_CONSTANT_CONVERSION = YES;
				CLANG_WARN_DEPRECATED_OBJC_IMPLEMENTATIONS = YES;
				CLANG_WARN_DIRECT_OBJC_ISA_USAGE = YES_ERROR;
				CLANG_WARN_DOCUMENTATION_COMMENTS = YES;
				CLANG_WARN_EMPTY_BODY = YES;
				CLANG_WARN_ENUM_CONVERSION = YES;
				CLANG_WARN_INFINITE_RECURSION = YES;
				CLANG_WARN_INT_CONVERSION = YES;
				CLANG_WARN_NON_LITERAL_NULL_CONVERSION = YES;
				CLANG_WARN_OBJC_IMPLICIT_RETAIN_SELF = YES;
				CLANG_WARN_OBJC_LITERAL_CONVERSION = YES;
				CLANG_WARN_OBJC_ROOT_CLASS = YES_ERROR;
				CLANG_WARN_RANGE_LOOP_ANALYSIS = YES;
				CLANG_WARN_STRICT_PROTOTYPES = YES;
				CLANG_WARN_SUSPICIOUS_MOVE = YES;
				CLANG_WARN_UNGUARDED_AVAILABILITY = YES_AGGRESSIVE;
				CLANG_WARN_UNREACHABLE_CODE = YES;
				CLANG_WARN__DUPLICATE_METHOD_MATCH = YES;
				CODE_SIGN_IDENTITY = "Mac Developer";
				COPY_PHASE_STRIP = NO;
				DEBUG_INFORMATION_FORMAT = dwarf;
				ENABLE_STRICT_OBJC_MSGSEND = YES;
				ENABLE_TESTABILITY = YES;
				GCC_C_LANGUAGE_STANDARD = gnu11;
				GCC_DYNAMIC_NO_PIC = NO;
				GCC_NO_COMMON_BLOCKS = YES;
				GCC_OPTIMIZATION_LEVEL = 0;
				GCC_PREPROCESSOR_DEFINITIONS = (
					"DEBUG=1",
					"$(inherited)",
				);
				GCC_WARN_64_TO_32_BIT_CONVERSION = YES;
				GCC_WARN_ABOUT_RETURN_TYPE = YES_ERROR;
				GCC_WARN_UNDECLARED_SELECTOR = YES;
				GCC_WARN_UNINITIALIZED_AUTOS = YES_AGGRESSIVE;
				GCC_WARN_UNUSED_FUNCTION = YES;
				GCC_WARN_UNUSED_VARIABLE = YES;
				MACOSX_DEPLOYMENT_TARGET = 10.14;
				MTL_ENABLE_DEBUG_INFO = INCLUDE_SOURCE;
				MTL_FAST_MATH = YES;
				ONLY_ACTIVE_ARCH = YES;
				SDKROOT = macosx;
				VALID_ARCHS = x86_64;
			};
			name = Debug;
		};
		AACAA7312254260B0005F45E /* Release */ = {
			isa = XCBuildConfiguration;
			buildSettings = {
				ALWAYS_SEARCH_USER_PATHS = NO;
				CLANG_ANALYZER_NONNULL = YES;
				CLANG_ANALYZER_NUMBER_OBJECT_CONVERSION = YES_AGGRESSIVE;
				CLANG_CXX_LANGUAGE_STANDARD = "c++14";
				CLANG_CXX_LIBRARY = "libc++";
				CLANG_ENABLE_MODULES = YES;
				CLANG_ENABLE_OBJC_ARC = YES;
				CLANG_ENABLE_OBJC_WEAK = YES;
				CLANG_WARN_BLOCK_CAPTURE_AUTORELEASING = YES;
				CLANG_WARN_BOOL_CONVERSION = YES;
				CLANG_WARN_COMMA = YES;
				CLANG_WARN_CONSTANT_CONVERSION = YES;
				CLANG_WARN_DEPRECATED_OBJC_IMPLEMENTATIONS = YES;
				CLANG_WARN_DIRECT_OBJC_ISA_USAGE = YES_ERROR;
				CLANG_WARN_DOCUMENTATION_COMMENTS = YES;
				CLANG_WARN_EMPTY_BODY = YES;
				CLANG_WARN_ENUM_CONVERSION = YES;
				CLANG_WARN_INFINITE_RECURSION = YES;
				CLANG_WARN_INT_CONVERSION = YES;
				CLANG_WARN_NON_LITERAL_NULL_CONVERSION = YES;
				CLANG_WARN_OBJC_IMPLICIT_RETAIN_SELF = YES;
				CLANG_WARN_OBJC_LITERAL_CONVERSION = YES;
				CLANG_WARN_OBJC_ROOT_CLASS = YES_ERROR;
				CLANG_WARN_RANGE_LOOP_ANALYSIS = YES;
				CLANG_WARN_STRICT_PROTOTYPES = YES;
				CLANG_WARN_SUSPICIOUS_MOVE = YES;
				CLANG_WARN_UNGUARDED_AVAILABILITY = YES_AGGRESSIVE;
				CLANG_WARN_UNREACHABLE_CODE = YES;
				CLANG_WARN__DUPLICATE_METHOD_MATCH = YES;
				CODE_SIGN_IDENTITY = "Mac Developer";
				COPY_PHASE_STRIP = NO;
				DEBUG_INFORMATION_FORMAT = "dwarf-with-dsym";
				ENABLE_NS_ASSERTIONS = NO;
				ENABLE_STRICT_OBJC_MSGSEND = YES;
				GCC_C_LANGUAGE_STANDARD = gnu11;
				GCC_NO_COMMON_BLOCKS = YES;
				GCC_WARN_64_TO_32_BIT_CONVERSION = YES;
				GCC_WARN_ABOUT_RETURN_TYPE = YES_ERROR;
				GCC_WARN_UNDECLARED_SELECTOR = YES;
				GCC_WARN_UNINITIALIZED_AUTOS = YES_AGGRESSIVE;
				GCC_WARN_UNUSED_FUNCTION = YES;
				GCC_WARN_UNUSED_VARIABLE = YES;
				MACOSX_DEPLOYMENT_TARGET = 10.14;
				MTL_ENABLE_DEBUG_INFO = NO;
				MTL_FAST_MATH = YES;
				SDKROOT = macosx;
				VALID_ARCHS = x86_64;
			};
			name = Release;
		};
		AACAA7332254260B0005F45E /* Debug */ = {
			isa = XCBuildConfiguration;
			buildSettings = {
				CODE_SIGN_STYLE = Automatic;
				DEVELOPMENT_TEAM = 23FN26LWBV;
				DYLIB_COMPATIBILITY_VERSION = 1;
				DYLIB_CURRENT_VERSION = 1;
				EXECUTABLE_PREFIX = lib;
				PRODUCT_NAME = "$(TARGET_NAME)";
				SKIP_INSTALL = YES;
			};
			name = Debug;
		};
		AACAA7342254260B0005F45E /* Release */ = {
			isa = XCBuildConfiguration;
			buildSettings = {
				CODE_SIGN_STYLE = Automatic;
				DEVELOPMENT_TEAM = 23FN26LWBV;
				DYLIB_COMPATIBILITY_VERSION = 1;
				DYLIB_CURRENT_VERSION = 1;
				EXECUTABLE_PREFIX = lib;
				PRODUCT_NAME = "$(TARGET_NAME)";
				SKIP_INSTALL = YES;
			};
			name = Release;
		};
		AACAA75622542BAC0005F45E /* Debug */ = {
			isa = XCBuildConfiguration;
			buildSettings = {
				CLANG_CXX_LANGUAGE_STANDARD = "gnu++14";
				CODE_SIGN_STYLE = Automatic;
				DEVELOPMENT_TEAM = 23FN26LWBV;
				HEADER_SEARCH_PATHS = "$(PROJECT_DIR)/.build/Darwin-x86_64/include";
				PRODUCT_NAME = "$(TARGET_NAME)";
			};
			name = Debug;
		};
		AACAA75722542BAC0005F45E /* Release */ = {
			isa = XCBuildConfiguration;
			buildSettings = {
				CLANG_CXX_LANGUAGE_STANDARD = "gnu++14";
				CODE_SIGN_STYLE = Automatic;
				DEVELOPMENT_TEAM = 23FN26LWBV;
				HEADER_SEARCH_PATHS = "$(PROJECT_DIR)/.build/Darwin-x86_64/include";
				PRODUCT_NAME = "$(TARGET_NAME)";
			};
			name = Release;
		};
/* End XCBuildConfiguration section */

/* Begin XCConfigurationList section */
		AACAA7292254260B0005F45E /* Build configuration list for PBXProject "kssmath" */ = {
			isa = XCConfigurationList;
			buildConfigurations = (
				AACAA7302254260B0005F45E /* Debug */,
				AACAA7312254260B0005F45E /* Release */,
			);
			defaultConfigurationIsVisible = 0;
			defaultConfigurationName = Release;
		};
		AACAA7322254260B0005F45E /* Build configuration list for PBXNativeTarget "kssmath" */ = {
			isa = XCConfigurationList;
			buildConfigurations = (
				AACAA7332254260B0005F45E /* Debug */,
				AACAA7342254260B0005F45E /* Release */,
			);
			defaultConfigurationIsVisible = 0;
			defaultConfigurationName = Release;
		};
		AACAA75522542BAC0005F45E /* Build configuration list for PBXNativeTarget "unittest" */ = {
			isa = XCConfigurationList;
			buildConfigurations = (
				AACAA75622542BAC0005F45E /* Debug */,
				AACAA75722542BAC0005F45E /* Release */,
			);
			defaultConfigurationIsVisible = 0;
			defaultConfigurationName = Release;
		};
/* End XCConfigurationList section */
	};
	rootObject = AACAA7262254260B0005F45E /* Project object */;
}
